{
  "name": "midigen",
  "version": "0.0.1",
  "lockfileVersion": 2,
  "requires": true,
  "packages": {
    "": {
      "name": "midigen",
      "version": "0.0.1",
      "license": "MIT",
      "dependencies": {
        "midi-writer-js": "^2.1.4",
        "tonal-midi": "^0.69.7"
      }
    },
    "node_modules/midi-writer-js": {
      "version": "2.1.4",
      "resolved": "https://registry.npmjs.org/midi-writer-js/-/midi-writer-js-2.1.4.tgz",
      "integrity": "sha512-gpc7TBg4a6XaKfdWSEbFof3eKLBiBHD4dGHF6sh/LW+5eTwTRgcu5+03eeDHa8ZSti6e5trAhT3KYbdmJ7ddJg==",
      "hasInstallScript": true,
      "dependencies": {
        "tonal-midi": "^0.69.7"
      }
    },
    "node_modules/note-parser": {
      "version": "2.0.1",
      "resolved": "https://registry.npmjs.org/note-parser/-/note-parser-2.0.1.tgz",
      "integrity": "sha512-w9o6Fv46y3NsFxeezTZSmftBtUM/ypme6iZWVrTJvvsD5RN+w0XNDePWtfreNrZFL3jSjBFhadPoXb+pJO4UdA=="
    },
    "node_modules/tonal-midi": {
      "version": "0.69.7",
      "resolved": "https://registry.npmjs.org/tonal-midi/-/tonal-midi-0.69.7.tgz",
      "integrity": "sha512-AY3YIuIm54HqMxhQgYmKXjjoCN7f6Y4GsF975Ao2aM8LcvcONk8uocN4T/PQI9K6i8yTfkK8aNYNQJjU59Z7ug==",
      "dependencies": {
        "note-parser": "^2.0.1"
      }
    }
  },
  "dependencies": {
    "midi-writer-js": {
      "version": "2.1.4",
      "resolved": "https://registry.npmjs.org/midi-writer-js/-/midi-writer-js-2.1.4.tgz",
      "integrity": "sha512-gpc7TBg4a6XaKfdWSEbFof3eKLBiBHD4dGHF6sh/LW+5eTwTRgcu5+03eeDHa8ZSti6e5trAhT3KYbdmJ7ddJg==",
      "requires": {
        "tonal-midi": "^0.69.7"
      }
    },
    "note-parser": {
      "version": "2.0.1",
      "resolved": "https://registry.npmjs.org/note-parser/-/note-parser-2.0.1.tgz",
      "integrity": "sha512-w9o6Fv46y3NsFxeezTZSmftBtUM/ypme6iZWVrTJvvsD5RN+w0XNDePWtfreNrZFL3jSjBFhadPoXb+pJO4UdA=="
    },
    "tonal-midi": {
      "version": "0.69.7",
      "resolved": "https://registry.npmjs.org/tonal-midi/-/tonal-midi-0.69.7.tgz",
      "integrity": "sha512-AY3YIuIm54HqMxhQgYmKXjjoCN7f6Y4GsF975Ao2aM8LcvcONk8uocN4T/PQI9K6i8yTfkK8aNYNQJjU59Z7ug==",
      "requires": {
        "note-parser": "^2.0.1"
      }
    }
  }
}
